
Microsoft Visual Studio Solution File, Format Version 12.00
# Visual Studio 14
VisualStudioVersion = 14.0.24720.0
MinimumVisualStudioVersion = 10.0.40219.1
Project("{FAE04EC0-301F-11D3-BF4B-00C04F79EFBC}") = "BaseAspNetAngularUnity", "src\BaseAspNetAngularUnity\BaseAspNetAngularUnity.csproj", "{B8E200B0-5F17-4034-B7F6-6EE8DA0CBDF0}"
EndProject
Project("{FAE04EC0-301F-11D3-BF4B-00C04F79EFBC}") = "BaseAspNetAngularUnity.Test", "src\BaseAspNetAngularUnity.Test\BaseAspNetAngularUnity.Test.csproj", "{51F793A6-E588-4AA2-87F7-881DEB250D2B}"
EndProject
Project("{FAE04EC0-301F-11D3-BF4B-00C04F79EFBC}") = "BaseAspNetAngularUnity.DataAccess", "src\BaseAspNetAngularUnity.DataAccess\BaseAspNetAngularUnity.DataAccess.csproj", "{8B7A391B-B6AA-4168-A151-49A6AEC5855A}"
EndProject
Project("{2150E333-8FDC-42A3-9474-1A3956D46DE8}") = "Build", "Build", "{8A23E4C5-2D6C-4783-8B48-BBE9836ECAED}"
	ProjectSection(SolutionItems) = preProject
		build\BaseAspNetAngularUnity.ncover = build\BaseAspNetAngularUnity.ncover
		build\BaseAspNetAngularUnity.xml = build\BaseAspNetAngularUnity.xml
		build\testfast_nc5.bat = build\testfast_nc5.bat
	EndProjectSection
EndProject
Project("{2150E333-8FDC-42A3-9474-1A3956D46DE8}") = "Logging", "Logging", "{48BF2DDE-B816-4553-A7C6-B769570E528D}"
EndProject
Project("{FAE04EC0-301F-11D3-BF4B-00C04F79EFBC}") = "Logging.Lib", "src\Logging\Logging.Lib\Logging.Lib.csproj", "{24297545-627C-4D60-9497-E78211677E76}"
EndProject
Project("{FAE04EC0-301F-11D3-BF4B-00C04F79EFBC}") = "Logging.Lib.Test", "src\Logging\Logging.Lib.Test\Logging.Lib.Test.csproj", "{756ADF5C-00FA-48D1-9174-10FACDA9EDD8}"
EndProject
Project("{2150E333-8FDC-42A3-9474-1A3956D46DE8}") = "Solution Items", "Solution Items", "{0149C568-E013-4F5A-AFD5-C1357605C1D7}"
	ProjectSection(SolutionItems) = preProject
		README.md = README.md
	EndProjectSection
EndProject
Global
	GlobalSection(SolutionConfigurationPlatforms) = preSolution
		Debug|Any CPU = Debug|Any CPU
		Release|Any CPU = Release|Any CPU
	EndGlobalSection
	GlobalSection(ProjectConfigurationPlatforms) = postSolution
		{B8E200B0-5F17-4034-B7F6-6EE8DA0CBDF0}.Debug|Any CPU.ActiveCfg = Debug|Any CPU
		{B8E200B0-5F17-4034-B7F6-6EE8DA0CBDF0}.Debug|Any CPU.Build.0 = Debug|Any CPU
		{B8E200B0-5F17-4034-B7F6-6EE8DA0CBDF0}.Release|Any CPU.ActiveCfg = Release|Any CPU
		{B8E200B0-5F17-4034-B7F6-6EE8DA0CBDF0}.Release|Any CPU.Build.0 = Release|Any CPU
		{51F793A6-E588-4AA2-87F7-881DEB250D2B}.Debug|Any CPU.ActiveCfg = Debug|Any CPU
		{51F793A6-E588-4AA2-87F7-881DEB250D2B}.Debug|Any CPU.Build.0 = Debug|Any CPU
		{51F793A6-E588-4AA2-87F7-881DEB250D2B}.Release|Any CPU.ActiveCfg = Release|Any CPU
		{51F793A6-E588-4AA2-87F7-881DEB250D2B}.Release|Any CPU.Build.0 = Release|Any CPU
		{8B7A391B-B6AA-4168-A151-49A6AEC5855A}.Debug|Any CPU.ActiveCfg = Debug|Any CPU
		{8B7A391B-B6AA-4168-A151-49A6AEC5855A}.Debug|Any CPU.Build.0 = Debug|Any CPU
		{8B7A391B-B6AA-4168-A151-49A6AEC5855A}.Release|Any CPU.ActiveCfg = Release|Any CPU
		{8B7A391B-B6AA-4168-A151-49A6AEC5855A}.Release|Any CPU.Build.0 = Release|Any CPU
		{24297545-627C-4D60-9497-E78211677E76}.Debug|Any CPU.ActiveCfg = Debug|Any CPU
		{24297545-627C-4D60-9497-E78211677E76}.Debug|Any CPU.Build.0 = Debug|Any CPU
		{24297545-627C-4D60-9497-E78211677E76}.Release|Any CPU.ActiveCfg = Release|Any CPU
		{24297545-627C-4D60-9497-E78211677E76}.Release|Any CPU.Build.0 = Release|Any CPU
		{756ADF5C-00FA-48D1-9174-10FACDA9EDD8}.Debug|Any CPU.ActiveCfg = Debug|Any CPU
		{756ADF5C-00FA-48D1-9174-10FACDA9EDD8}.Debug|Any CPU.Build.0 = Debug|Any CPU
		{756ADF5C-00FA-48D1-9174-10FACDA9EDD8}.Release|Any CPU.ActiveCfg = Release|Any CPU
		{756ADF5C-00FA-48D1-9174-10FACDA9EDD8}.Release|Any CPU.Build.0 = Release|Any CPU
	EndGlobalSection
	GlobalSection(SolutionProperties) = preSolution
		HideSolutionNode = FALSE
	EndGlobalSection
	GlobalSection(NestedProjects) = preSolution
		{24297545-627C-4D60-9497-E78211677E76} = {48BF2DDE-B816-4553-A7C6-B769570E528D}
		{756ADF5C-00FA-48D1-9174-10FACDA9EDD8} = {48BF2DDE-B816-4553-A7C6-B769570E528D}
	EndGlobalSection
	GlobalSection(ExtensibilityGlobals) = postSolution
		EnterpriseLibraryConfigurationToolBinariesPathV6 = packages\EnterpriseLibrary.Common.6.0.1304.0\lib\NET45;packages\EnterpriseLibrary.Data.6.0.1304.0\lib\NET45;packages\EnterpriseLibrary.Logging.6.0.1304.0\lib\NET45;packages\EnterpriseLibrary.Logging.Database.6.0.1304.0\lib\NET45
	EndGlobalSection
EndGlobal
